# This file is automatically @generated by Cargo.
# It is not intended for manual editing.
[[package]]
name = "box_example"
version = "0.1.0"

[[package]]
name = "rc_example"
version = "0.1.0"

[[package]]
name = "refcell_example"
version = "0.1.0"

[[package]]
name = "smartpointers"
version = "0.1.0"
dependencies = [
 "box_example 0.1.0",
 "rc_example 0.1.0",
 "refcell_example 0.1.0",
]

